// !$*UTF8*$!
{
	archiveVersion = 1;
	classes = {
	};
	objectVersion = 50;
	objects = {

/* Begin PBXBuildFile section */
		197DD0411E6AF527F06836E8 /* Pods_AR_Bomb_Squad.framework in Frameworks */ = {isa = PBXBuildFile; fileRef = 4DAD93602598729BFF716396 /* Pods_AR_Bomb_Squad.framework */; };
		ACE0DAE92169A6340016C89F /* AppDelegate.swift in Sources */ = {isa = PBXBuildFile; fileRef = ACE0DAE82169A6340016C89F /* AppDelegate.swift */; };
		ACE0DAEB2169A6340016C89F /* ViewController.swift in Sources */ = {isa = PBXBuildFile; fileRef = ACE0DAEA2169A6340016C89F /* ViewController.swift */; };
		ACE0DAEE2169A6340016C89F /* Main.storyboard in Resources */ = {isa = PBXBuildFile; fileRef = ACE0DAEC2169A6340016C89F /* Main.storyboard */; };
		ACE0DAF12169A6340016C89F /* AR_Bomb_Squad.xcdatamodeld in Sources */ = {isa = PBXBuildFile; fileRef = ACE0DAEF2169A6340016C89F /* AR_Bomb_Squad.xcdatamodeld */; };
		ACE0DAF32169A6360016C89F /* Assets.xcassets in Resources */ = {isa = PBXBuildFile; fileRef = ACE0DAF22169A6360016C89F /* Assets.xcassets */; };
		ACE0DAF62169A6360016C89F /* LaunchScreen.storyboard in Resources */ = {isa = PBXBuildFile; fileRef = ACE0DAF42169A6360016C89F /* LaunchScreen.storyboard */; };
/* End PBXBuildFile section */

/* Begin PBXFileReference section */
		2B5BD7D8A58A5DCAF8083B77 /* Pods-AR Bomb Squad.debug.xcconfig */ = {isa = PBXFileReference; includeInIndex = 1; lastKnownFileType = text.xcconfig; name = "Pods-AR Bomb Squad.debug.xcconfig"; path = "Target Support Files/Pods-AR Bomb Squad/Pods-AR Bomb Squad.debug.xcconfig"; sourceTree = "<group>"; };
		3C18CAC94D492BAFB1258103 /* Pods-AR Bomb Squad.release.xcconfig */ = {isa = PBXFileReference; includeInIndex = 1; lastKnownFileType = text.xcconfig; name = "Pods-AR Bomb Squad.release.xcconfig"; path = "Target Support Files/Pods-AR Bomb Squad/Pods-AR Bomb Squad.release.xcconfig"; sourceTree = "<group>"; };
		4DAD93602598729BFF716396 /* Pods_AR_Bomb_Squad.framework */ = {isa = PBXFileReference; explicitFileType = wrapper.framework; includeInIndex = 0; path = Pods_AR_Bomb_Squad.framework; sourceTree = BUILT_PRODUCTS_DIR; };
		ACE0DAE52169A6340016C89F /* AR Bomb Squad.app */ = {isa = PBXFileReference; explicitFileType = wrapper.application; includeInIndex = 0; path = "AR Bomb Squad.app"; sourceTree = BUILT_PRODUCTS_DIR; };
		ACE0DAE82169A6340016C89F /* AppDelegate.swift */ = {isa = PBXFileReference; lastKnownFileType = sourcecode.swift; path = AppDelegate.swift; sourceTree = "<group>"; };
		ACE0DAEA2169A6340016C89F /* ViewController.swift */ = {isa = PBXFileReference; lastKnownFileType = sourcecode.swift; path = ViewController.swift; sourceTree = "<group>"; };
		ACE0DAED2169A6340016C89F /* Base */ = {isa = PBXFileReference; lastKnownFileType = file.storyboard; name = Base; path = Base.lproj/Main.storyboard; sourceTree = "<group>"; };
		ACE0DAF02169A6340016C89F /* AR_Bomb_Squad.xcdatamodel */ = {isa = PBXFileReference; lastKnownFileType = wrapper.xcdatamodel; path = AR_Bomb_Squad.xcdatamodel; sourceTree = "<group>"; };
		ACE0DAF22169A6360016C89F /* Assets.xcassets */ = {isa = PBXFileReference; lastKnownFileType = folder.assetcatalog; path = Assets.xcassets; sourceTree = "<group>"; };
		ACE0DAF52169A6360016C89F /* Base */ = {isa = PBXFileReference; lastKnownFileType = file.storyboard; name = Base; path = Base.lproj/LaunchScreen.storyboard; sourceTree = "<group>"; };
		ACE0DAF72169A6360016C89F /* Info.plist */ = {isa = PBXFileReference; lastKnownFileType = text.plist.xml; path = Info.plist; sourceTree = "<group>"; };
/* End PBXFileReference section */

/* Begin PBXFrameworksBuildPhase section */
		ACE0DAE22169A6340016C89F /* Frameworks */ = {
			isa = PBXFrameworksBuildPhase;
			buildActionMask = 2147483647;
			files = (
				197DD0411E6AF527F06836E8 /* Pods_AR_Bomb_Squad.framework in Frameworks */,
			);
			runOnlyForDeploymentPostprocessing = 0;
		};
/* End PBXFrameworksBuildPhase section */

/* Begin PBXGroup section */
		49C1DC767E4194B2948AA7AF /* Frameworks */ = {
			isa = PBXGroup;
			children = (
				4DAD93602598729BFF716396 /* Pods_AR_Bomb_Squad.framework */,
			);
			name = Frameworks;
			sourceTree = "<group>";
		};
		ACE0DADC2169A6330016C89F = {
			isa = PBXGroup;
			children = (
				ACE0DAE72169A6340016C89F /* AR Bomb Squad */,
				ACE0DAE62169A6340016C89F /* Products */,
				C236BFE395FF400B608C06FF /* Pods */,
				49C1DC767E4194B2948AA7AF /* Frameworks */,
			);
			sourceTree = "<group>";
		};
		ACE0DAE62169A6340016C89F /* Products */ = {
			isa = PBXGroup;
			children = (
				ACE0DAE52169A6340016C89F /* AR Bomb Squad.app */,
			);
			name = Products;
			sourceTree = "<group>";
		};
		ACE0DAE72169A6340016C89F /* AR Bomb Squad */ = {
			isa = PBXGroup;
			children = (
				ACE0DAE82169A6340016C89F /* AppDelegate.swift */,
				ACE0DAEA2169A6340016C89F /* ViewController.swift */,
				ACE0DAEC2169A6340016C89F /* Main.storyboard */,
				ACE0DAF22169A6360016C89F /* Assets.xcassets */,
				ACE0DAF42169A6360016C89F /* LaunchScreen.storyboard */,
				ACE0DAF72169A6360016C89F /* Info.plist */,
				ACE0DAEF2169A6340016C89F /* AR_Bomb_Squad.xcdatamodeld */,
			);
			path = "AR Bomb Squad";
			sourceTree = "<group>";
		};
		C236BFE395FF400B608C06FF /* Pods */ = {
			isa = PBXGroup;
			children = (
				2B5BD7D8A58A5DCAF8083B77 /* Pods-AR Bomb Squad.debug.xcconfig */,
				3C18CAC94D492BAFB1258103 /* Pods-AR Bomb Squad.release.xcconfig */,
			);
			name = Pods;
			path = Pods;
			sourceTree = "<group>";
		};
/* End PBXGroup section */

/* Begin PBXNativeTarget section */
		ACE0DAE42169A6340016C89F /* AR Bomb Squad */ = {
			isa = PBXNativeTarget;
			buildConfigurationList = ACE0DAFA2169A6360016C89F /* Build configuration list for PBXNativeTarget "AR Bomb Squad" */;
			buildPhases = (
				D97E73969C868A03D90B6C75 /* [CP] Check Pods Manifest.lock */,
				ACE0DAE12169A6340016C89F /* Sources */,
				ACE0DAE22169A6340016C89F /* Frameworks */,
				ACE0DAE32169A6340016C89F /* Resources */,
				6E6986CB6DC21F4B3C5F82C3 /* [CP] Embed Pods Frameworks */,
			);
			buildRules = (
			);
			dependencies = (
			);
			name = "AR Bomb Squad";
			productName = "AR Bomb Squad";
			productReference = ACE0DAE52169A6340016C89F /* AR Bomb Squad.app */;
			productType = "com.apple.product-type.application";
		};
/* End PBXNativeTarget section */

/* Begin PBXProject section */
		ACE0DADD2169A6330016C89F /* Project object */ = {
			isa = PBXProject;
			attributes = {
				LastSwiftUpdateCheck = 1000;
				LastUpgradeCheck = 1000;
				ORGANIZATIONNAME = akshat;
				TargetAttributes = {
					ACE0DAE42169A6340016C89F = {
						CreatedOnToolsVersion = 10.0;
					};
				};
			};
			buildConfigurationList = ACE0DAE02169A6330016C89F /* Build configuration list for PBXProject "AR Bomb Squad" */;
			compatibilityVersion = "Xcode 9.3";
			developmentRegion = en;
			hasScannedForEncodings = 0;
			knownRegions = (
				en,
				Base,
			);
			mainGroup = ACE0DADC2169A6330016C89F;
			productRefGroup = ACE0DAE62169A6340016C89F /* Products */;
			projectDirPath = "";
			projectRoot = "";
			targets = (
				ACE0DAE42169A6340016C89F /* AR Bomb Squad */,
			);
		};
/* End PBXProject section */

/* Begin PBXResourcesBuildPhase section */
		ACE0DAE32169A6340016C89F /* Resources */ = {
			isa = PBXResourcesBuildPhase;
			buildActionMask = 2147483647;
			files = (
				ACE0DAF62169A6360016C89F /* LaunchScreen.storyboard in Resources */,
				ACE0DAF32169A6360016C89F /* Assets.xcassets in Resources */,
				ACE0DAEE2169A6340016C89F /* Main.storyboard in Resources */,
			);
			runOnlyForDeploymentPostprocessing = 0;
		};
/* End PBXResourcesBuildPhase section */

/* Begin PBXShellScriptBuildPhase section */
		6E6986CB6DC21F4B3C5F82C3 /* [CP] Embed Pods Frameworks */ = {
			isa = PBXShellScriptBuildPhase;
			buildActionMask = 2147483647;
			files = (
			);
			inputFileListPaths = (
			);
			inputPaths = (
				"${PODS_ROOT}/Target Support Files/Pods-AR Bomb Squad/Pods-AR Bomb Squad-frameworks.sh",
				"${BUILT_PRODUCTS_DIR}/MZTimerLabel/MZTimerLabel.framework",
				"${BUILT_PRODUCTS_DIR}/STZPopupView/STZPopupView.framework",
			);
			name = "[CP] Embed Pods Frameworks";
			outputFileListPaths = (
			);
			outputPaths = (
				"${TARGET_BUILD_DIR}/${FRAMEWORKS_FOLDER_PATH}/MZTimerLabel.framework",
				"${TARGET_BUILD_DIR}/${FRAMEWORKS_FOLDER_PATH}/STZPopupView.framework",
			);
			runOnlyForDeploymentPostprocessing = 0;
			shellPath = /bin/sh;
			shellScript = "\"${PODS_ROOT}/Target Support Files/Pods-AR Bomb Squad/Pods-AR Bomb Squad-frameworks.sh\"\n";
			showEnvVarsInLog = 0;
		};
		D97E73969C868A03D90B6C75 /* [CP] Check Pods Manifest.lock */ = {
			isa = PBXShellScriptBuildPhase;
			buildActionMask = 2147483647;
			files = (
			);
			inputFileListPaths = (
			);
			inputPaths = (
				"${PODS_PODFILE_DIR_PATH}/Podfile.lock",
				"${PODS_ROOT}/Manifest.lock",
			);
			name = "[CP] Check Pods Manifest.lock";
			outputFileListPaths = (
			);
			outputPaths = (
				"$(DERIVED_FILE_DIR)/Pods-AR Bomb Squad-checkManifestLockResult.txt",
			);
			runOnlyForDeploymentPostprocessing = 0;
			shellPath = /bin/sh;
			shellScript = "diff \"${PODS_PODFILE_DIR_PATH}/Podfile.lock\" \"${PODS_ROOT}/Manifest.lock\" > /dev/null\nif [ $? != 0 ] ; then\n    # print error to STDERR\n    echo \"error: The sandbox is not in sync with the Podfile.lock. Run 'pod install' or update your CocoaPods installation.\" >&2\n    exit 1\nfi\n# This output is used by Xcode 'outputs' to avoid re-running this script phase.\necho \"SUCCESS\" > \"${SCRIPT_OUTPUT_FILE_0}\"\n";
			showEnvVarsInLog = 0;
		};
/* End PBXShellScriptBuildPhase section */

/* Begin PBXSourcesBuildPhase section */
		ACE0DAE12169A6340016C89F /* Sources */ = {
			isa = PBXSourcesBuildPhase;
			buildActionMask = 2147483647;
			files = (
				ACE0DAEB2169A6340016C89F /* ViewController.swift in Sources */,
				ACE0DAE92169A6340016C89F /* AppDelegate.swift in Sources */,
				ACE0DAF12169A6340016C89F /* AR_Bomb_Squad.xcdatamodeld in Sources */,
			);
			runOnlyForDeploymentPostprocessing = 0;
		};
/* End PBXSourcesBuildPhase section */

/* Begin PBXVariantGroup section */
		ACE0DAEC2169A6340016C89F /* Main.storyboard */ = {
			isa = PBXVariantGroup;
			children = (
				ACE0DAED2169A6340016C89F /* Base */,
			);
			name = Main.storyboard;
			sourceTree = "<group>";
		};
		ACE0DAF42169A6360016C89F /* LaunchScreen.storyboard */ = {
			isa = PBXVariantGroup;
			children = (
				ACE0DAF52169A6360016C89F /* Base */,
			);
			name = LaunchScreen.storyboard;
			sourceTree = "<group>";
		};
/* End PBXVariantGroup section */

/* Begin XCBuildConfiguration section */
		ACE0DAF82169A6360016C89F /* Debug */ = {
			isa = XCBuildConfiguration;
			buildSettings = {
				ALWAYS_SEARCH_USER_PATHS = NO;
				CLANG_ANALYZER_NONNULL = YES;
				CLANG_ANALYZER_NUMBER_OBJECT_CONVERSION = YES_AGGRESSIVE;
				CLANG_CXX_LANGUAGE_STANDARD = "gnu++14";
				CLANG_CXX_LIBRARY = "libc++";
				CLANG_ENABLE_MODULES = YES;
				CLANG_ENABLE_OBJC_ARC = YES;
				CLANG_ENABLE_OBJC_WEAK = YES;
				CLANG_WARN_BLOCK_CAPTURE_AUTORELEASING = YES;
				CLANG_WARN_BOOL_CONVERSION = YES;
				CLANG_WARN_COMMA = YES;
				CLANG_WARN_CONSTANT_CONVERSION = YES;
				CLANG_WARN_DEPRECATED_OBJC_IMPLEMENTATIONS = YES;
				CLANG_WARN_DIRECT_OBJC_ISA_USAGE = YES_ERROR;
				CLANG_WARN_DOCUMENTATION_COMMENTS = YES;
				CLANG_WARN_EMPTY_BODY = YES;
				CLANG_WARN_ENUM_CONVERSION = YES;
				CLANG_WARN_INFINITE_RECURSION = YES;
				CLANG_WARN_INT_CONVERSION = YES;
				CLANG_WARN_NON_LITERAL_NULL_CONVERSION = YES;
				CLANG_WARN_OBJC_IMPLICIT_RETAIN_SELF = YES;
				CLANG_WARN_OBJC_LITERAL_CONVERSION = YES;
				CLANG_WARN_OBJC_ROOT_CLASS = YES_ERROR;
				CLANG_WARN_RANGE_LOOP_ANALYSIS = YES;
				CLANG_WARN_STRICT_PROTOTYPES = YES;
				CLANG_WARN_SUSPICIOUS_MOVE = YES;
				CLANG_WARN_UNGUARDED_AVAILABILITY = YES_AGGRESSIVE;
				CLANG_WARN_UNREACHABLE_CODE = YES;
				CLANG_WARN__DUPLICATE_METHOD_MATCH = YES;
				CODE_SIGN_IDENTITY = "iPhone Developer";
				COPY_PHASE_STRIP = NO;
				DEBUG_INFORMATION_FORMAT = dwarf;
				ENABLE_STRICT_OBJC_MSGSEND = YES;
				ENABLE_TESTABILITY = YES;
				GCC_C_LANGUAGE_STANDARD = gnu11;
				GCC_DYNAMIC_NO_PIC = NO;
				GCC_NO_COMMON_BLOCKS = YES;
				GCC_OPTIMIZATION_LEVEL = 0;
				GCC_PREPROCESSOR_DEFINITIONS = (
					"DEBUG=1",
					"$(inherited)",
				);
				GCC_WARN_64_TO_32_BIT_CONVERSION = YES;
				GCC_WARN_ABOUT_RETURN_TYPE = YES_ERROR;
				GCC_WARN_UNDECLARED_SELECTOR = YES;
				GCC_WARN_UNINITIALIZED_AUTOS = YES_AGGRESSIVE;
				GCC_WARN_UNUSED_FUNCTION = YES;
				GCC_WARN_UNUSED_VARIABLE = YES;
				IPHONEOS_DEPLOYMENT_TARGET = 12.0;
				MTL_ENABLE_DEBUG_INFO = INCLUDE_SOURCE;
				MTL_FAST_MATH = YES;
				ONLY_ACTIVE_ARCH = YES;
				SDKROOT = iphoneos;
				SWIFT_ACTIVE_COMPILATION_CONDITIONS = DEBUG;
				SWIFT_OPTIMIZATION_LEVEL = "-Onone";
			};
			name = Debug;
		};
		ACE0DAF92169A6360016C89F /* Release */ = {
			isa = XCBuildConfiguration;
			buildSettings = {
				ALWAYS_SEARCH_USER_PATHS = NO;
				CLANG_ANALYZER_NONNULL = YES;
				CLANG_ANALYZER_NUMBER_OBJECT_CONVERSION = YES_AGGRESSIVE;
				CLANG_CXX_LANGUAGE_STANDARD = "gnu++14";
				CLANG_CXX_LIBRARY = "libc++";
				CLANG_ENABLE_MODULES = YES;
				CLANG_ENABLE_OBJC_ARC = YES;
				CLANG_ENABLE_OBJC_WEAK = YES;
				CLANG_WARN_BLOCK_CAPTURE_AUTORELEASING = YES;
				CLANG_WARN_BOOL_CONVERSION = YES;
				CLANG_WARN_COMMA = YES;
				CLANG_WARN_CONSTANT_CONVERSION = YES;
				CLANG_WARN_DEPRECATED_OBJC_IMPLEMENTATIONS = YES;
				CLANG_WARN_DIRECT_OBJC_ISA_USAGE = YES_ERROR;
				CLANG_WARN_DOCUMENTATION_COMMENTS = YES;
				CLANG_WARN_EMPTY_BODY = YES;
				CLANG_WARN_ENUM_CONVERSION = YES;
				CLANG_WARN_INFINITE_RECURSION = YES;
				CLANG_WARN_INT_CONVERSION = YES;
				CLANG_WARN_NON_LITERAL_NULL_CONVERSION = YES;
				CLANG_WARN_OBJC_IMPLICIT_RETAIN_SELF = YES;
				CLANG_WARN_OBJC_LITERAL_CONVERSION = YES;
				CLANG_WARN_OBJC_ROOT_CLASS = YES_ERROR;
				CLANG_WARN_RANGE_LOOP_ANALYSIS = YES;
				CLANG_WARN_STRICT_PROTOTYPES = YES;
				CLANG_WARN_SUSPICIOUS_MOVE = YES;
				CLANG_WARN_UNGUARDED_AVAILABILITY = YES_AGGRESSIVE;
				CLANG_WARN_UNREACHABLE_CODE = YES;
				CLANG_WARN__DUPLICATE_METHOD_MATCH = YES;
				CODE_SIGN_IDENTITY = "iPhone Developer";
				COPY_PHASE_STRIP = NO;
				DEBUG_INFORMATION_FORMAT = "dwarf-with-dsym";
				ENABLE_NS_ASSERTIONS = NO;
				ENABLE_STRICT_OBJC_MSGSEND = YES;
				GCC_C_LANGUAGE_STANDARD = gnu11;
				GCC_NO_COMMON_BLOCKS = YES;
				GCC_WARN_64_TO_32_BIT_CONVERSION = YES;
				GCC_WARN_ABOUT_RETURN_TYPE = YES_ERROR;
				GCC_WARN_UNDECLARED_SELECTOR = YES;
				GCC_WARN_UNINITIALIZED_AUTOS = YES_AGGRESSIVE;
				GCC_WARN_UNUSED_FUNCTION = YES;
				GCC_WARN_UNUSED_VARIABLE = YES;
				IPHONEOS_DEPLOYMENT_TARGET = 12.0;
				MTL_ENABLE_DEBUG_INFO = NO;
				MTL_FAST_MATH = YES;
				SDKROOT = iphoneos;
				SWIFT_COMPILATION_MODE = wholemodule;
				SWIFT_OPTIMIZATION_LEVEL = "-O";
				VALIDATE_PRODUCT = YES;
			};
			name = Release;
		};
		ACE0DAFB2169A6360016C89F /* Debug */ = {
			isa = XCBuildConfiguration;
			baseConfigurationReference = 2B5BD7D8A58A5DCAF8083B77 /* Pods-AR Bomb Squad.debug.xcconfig */;
			buildSettings = {
				ASSETCATALOG_COMPILER_APPICON_NAME = AppIcon;
				CODE_SIGN_STYLE = Automatic;
				DEVELOPMENT_TEAM = 3L7UBEHU25;
				INFOPLIST_FILE = "AR Bomb Squad/Info.plist";
				LD_RUNPATH_SEARCH_PATHS = (
					"$(inherited)",
					"@executable_path/Frameworks",
				);
				PRODUCT_BUNDLE_IDENTIFIER = "com.starksky.AR-Bomb-Squad";
				PRODUCT_NAME = "$(TARGET_NAME)";
				SWIFT_VERSION = 4.2;
				TARGETED_DEVICE_FAMILY = "1,2";
			};
			name = Debug;
		};
		ACE0DAFC2169A6360016C89F /* Release */ = {
			isa = XCBuildConfiguration;
			baseConfigurationReference = 3C18CAC94D492BAFB1258103 /* Pods-AR Bomb Squad.release.xcconfig */;
			buildSettings = {
				ASSETCATALOG_COMPILER_APPICON_NAME = AppIcon;
				CODE_SIGN_STYLE = Automatic;
				DEVELOPMENT_TEAM = 3L7UBEHU25;
				INFOPLIST_FILE = "AR Bomb Squad/Info.plist";
				LD_RUNPATH_SEARCH_PATHS = (
					"$(inherited)",
					"@executable_path/Frameworks",
				);
				PRODUCT_BUNDLE_IDENTIFIER = "com.starksky.AR-Bomb-Squad";
				PRODUCT_NAME = "$(TARGET_NAME)";
				SWIFT_VERSION = 4.2;
				TARGETED_DEVICE_FAMILY = "1,2";
			};
			name = Release;
		};
/* End XCBuildConfiguration section */

/* Begin XCConfigurationList section */
		ACE0DAE02169A6330016C89F /* Build configuration list for PBXProject "AR Bomb Squad" */ = {
			isa = XCConfigurationList;
			buildConfigurations = (
				ACE0DAF82169A6360016C89F /* Debug */,
				ACE0DAF92169A6360016C89F /* Release */,
			);
			defaultConfigurationIsVisible = 0;
			defaultConfigurationName = Release;
		};
		ACE0DAFA2169A6360016C89F /* Build configuration list for PBXNativeTarget "AR Bomb Squad" */ = {
			isa = XCConfigurationList;
			buildConfigurations = (
				ACE0DAFB2169A6360016C89F /* Debug */,
				ACE0DAFC2169A6360016C89F /* Release */,
			);
			defaultConfigurationIsVisible = 0;
			defaultConfigurationName = Release;
		};
/* End XCConfigurationList section */

/* Begin XCVersionGroup section */
		ACE0DAEF2169A6340016C89F /* AR_Bomb_Squad.xcdatamodeld */ = {
			isa = XCVersionGroup;
			children = (
				ACE0DAF02169A6340016C89F /* AR_Bomb_Squad.xcdatamodel */,
			);
			currentVersion = ACE0DAF02169A6340016C89F /* AR_Bomb_Squad.xcdatamodel */;
			path = AR_Bomb_Squad.xcdatamodeld;
			sourceTree = "<group>";
			versionGroupType = wrapper.xcdatamodel;
		};
/* End XCVersionGroup section */
	};
	rootObject = ACE0DADD2169A6330016C89F /* Project object */;
}
