PODS:
  - MZTimerLabel (0.5.4)
  - STZPopupView (1.3.0)

DEPENDENCIES:
  - MZTimerLabel
  - STZPopupView

SPEC REPOS:
  https://github.com/cocoapods/specs.git:
    - MZTimerLabel
    - STZPopupView

SPEC CHECKSUMS:
  MZTimerLabel: cd9bfb9304540ef2a9e163384fca9c978f0dbf83
  STZPopupView: 1eb7f52443d87935b78722a4949504cfc78bab6b

PODFILE CHECKSUM: 6753a06cbef8e4c03b1effa589191f3ae22827e7

COCOAPODS: 1.6.0.beta.1
